
Microsoft Visual Studio Solution File, Format Version 12.00
# Visual Studio Version 17
VisualStudioVersion = 17.10.34916.146
MinimumVisualStudioVersion = 10.0.40219.1
Project("{FAE04EC0-301F-11D3-BF4B-00C04F79EFBC}") = "APIangular", "APIangular\APIangular.csproj", "{688F002D-8DE1-46E2-B950-F31DDB78526D}"
EndProject
Global
	GlobalSection(SolutionConfigurationPlatforms) = preSolution
		Debug|Any CPU = Debug|Any CPU
		Release|Any CPU = Release|Any CPU
	EndGlobalSection
	GlobalSection(ProjectConfigurationPlatforms) = postSolution
		{688F002D-8DE1-46E2-B950-F31DDB78526D}.Debug|Any CPU.ActiveCfg = Debug|Any CPU
		{688F002D-8DE1-46E2-B950-F31DDB78526D}.Debug|Any CPU.Build.0 = Debug|Any CPU
		{688F002D-8DE1-46E2-B950-F31DDB78526D}.Release|Any CPU.ActiveCfg = Release|Any CPU
		{688F002D-8DE1-46E2-B950-F31DDB78526D}.Release|Any CPU.Build.0 = Release|Any CPU
	EndGlobalSection
	GlobalSection(SolutionProperties) = preSolution
		HideSolutionNode = FALSE
	EndGlobalSection
	GlobalSection(ExtensibilityGlobals) = postSolution
		SolutionGuid = {51584EB8-8EF8-4A58-987A-04DC8B80CBCA}
	EndGlobalSection
EndGlobal
